{
  "version": 1,
  "dependencies": {
    "net8.0-windows7.0": {
      "DalamudPackager": {
        "type": "Direct",
        "requested": "[2.1.12, )",
        "resolved": "2.1.12",
        "contentHash": "Sc0PVxvgg4NQjcI8n10/VfUQBAS4O+Fw2pZrAqBdRMbthYGeogzu5+xmIGCGmsEZ/ukMOBuAqiNiB5qA3MRalg=="
      },
      "FFXIVVenues.VenueModels": {
        "type": "Direct",
        "requested": "[14.2.0, )",
        "resolved": "14.2.0",
        "contentHash": "0yyvEKCUwHODDFB0xFesEpGjNG0jYImWZYB0FwP/vCczbi3mOfOCdrZVBCJx1sy3Kp3JePJvv4AX7Egw9fEUhQ==",
        "dependencies": {
          "TimeZoneConverter": "5.0.0"
        }
      },
      "TimeZoneConverter": {
        "type": "Transitive",
        "resolved": "5.0.0",
        "contentHash": "U7Oilf3Ya6Rmu6gOaBfWyT3q0kwy2av6a5PfTn05CF54C+7DvuLsE3ljASvYmCpsSQeJvpnqU5Uzag6+ysWUeA=="
      }
    }
  }
}